// !$*UTF8*$!
{
	archiveVersion = 1;
	classes = {
	};
	objectVersion = 56;
	objects = {

/* Begin PBXBuildFile section */
		5DBF9FD72AB710750095CA4A /* AppDelegate.swift in Sources */ = {isa = PBXBuildFile; fileRef = 5DBF9FD62AB710750095CA4A /* AppDelegate.swift */; };
		5DBF9FD92AB710750095CA4A /* SceneDelegate.swift in Sources */ = {isa = PBXBuildFile; fileRef = 5DBF9FD82AB710750095CA4A /* SceneDelegate.swift */; };
		5DBF9FDB2AB710750095CA4A /* GameViewController.swift in Sources */ = {isa = PBXBuildFile; fileRef = 5DBF9FDA2AB710750095CA4A /* GameViewController.swift */; };
		5DBF9FE02AB710760095CA4A /* Assets.xcassets in Resources */ = {isa = PBXBuildFile; fileRef = 5DBF9FDF2AB710760095CA4A /* Assets.xcassets */; };
		5DBF9FE32AB710760095CA4A /* LaunchScreen.storyboard in Resources */ = {isa = PBXBuildFile; fileRef = 5DBF9FE12AB710760095CA4A /* LaunchScreen.storyboard */; };
		5DF33D282AB9B13400257A20 /* GameObject.swift in Sources */ = {isa = PBXBuildFile; fileRef = 5DF33D272AB9B13400257A20 /* GameObject.swift */; };
		5DF33D2A2AB9E03700257A20 /* Icons.swift in Sources */ = {isa = PBXBuildFile; fileRef = 5DF33D292AB9E03700257A20 /* Icons.swift */; };
		5DF33D2C2AB9E20300257A20 /* Difficulty.swift in Sources */ = {isa = PBXBuildFile; fileRef = 5DF33D2B2AB9E20300257A20 /* Difficulty.swift */; };
		6B1E950F8BCDF64686372748 /* Pods_UFO_Game.framework in Frameworks */ = {isa = PBXBuildFile; fileRef = 2FC2E18EAC3F06FEF569C5E1 /* Pods_UFO_Game.framework */; };
/* End PBXBuildFile section */

/* Begin PBXFileReference section */
		22302B9DBE55CC89996C3DC0 /* Pods-UFO_Game.release.xcconfig */ = {isa = PBXFileReference; includeInIndex = 1; lastKnownFileType = text.xcconfig; name = "Pods-UFO_Game.release.xcconfig"; path = "Target Support Files/Pods-UFO_Game/Pods-UFO_Game.release.xcconfig"; sourceTree = "<group>"; };
		2FC2E18EAC3F06FEF569C5E1 /* Pods_UFO_Game.framework */ = {isa = PBXFileReference; explicitFileType = wrapper.framework; includeInIndex = 0; path = Pods_UFO_Game.framework; sourceTree = BUILT_PRODUCTS_DIR; };
		5DBF9FD32AB710750095CA4A /* UFO_Game.app */ = {isa = PBXFileReference; explicitFileType = wrapper.application; includeInIndex = 0; path = UFO_Game.app; sourceTree = BUILT_PRODUCTS_DIR; };
		5DBF9FD62AB710750095CA4A /* AppDelegate.swift */ = {isa = PBXFileReference; lastKnownFileType = sourcecode.swift; path = AppDelegate.swift; sourceTree = "<group>"; };
		5DBF9FD82AB710750095CA4A /* SceneDelegate.swift */ = {isa = PBXFileReference; lastKnownFileType = sourcecode.swift; path = SceneDelegate.swift; sourceTree = "<group>"; };
		5DBF9FDA2AB710750095CA4A /* GameViewController.swift */ = {isa = PBXFileReference; lastKnownFileType = sourcecode.swift; path = GameViewController.swift; sourceTree = "<group>"; };
		5DBF9FDF2AB710760095CA4A /* Assets.xcassets */ = {isa = PBXFileReference; lastKnownFileType = folder.assetcatalog; path = Assets.xcassets; sourceTree = "<group>"; };
		5DBF9FE22AB710760095CA4A /* Base */ = {isa = PBXFileReference; lastKnownFileType = file.storyboard; name = Base; path = Base.lproj/LaunchScreen.storyboard; sourceTree = "<group>"; };
		5DBF9FE42AB710760095CA4A /* Info.plist */ = {isa = PBXFileReference; lastKnownFileType = text.plist.xml; path = Info.plist; sourceTree = "<group>"; };
		5DF33D272AB9B13400257A20 /* GameObject.swift */ = {isa = PBXFileReference; lastKnownFileType = sourcecode.swift; path = GameObject.swift; sourceTree = "<group>"; };
		5DF33D292AB9E03700257A20 /* Icons.swift */ = {isa = PBXFileReference; lastKnownFileType = sourcecode.swift; path = Icons.swift; sourceTree = "<group>"; };
		5DF33D2B2AB9E20300257A20 /* Difficulty.swift */ = {isa = PBXFileReference; lastKnownFileType = sourcecode.swift; path = Difficulty.swift; sourceTree = "<group>"; };
		DA35BBBAE6604D9C73E1CEFA /* Pods-UFO_Game.debug.xcconfig */ = {isa = PBXFileReference; includeInIndex = 1; lastKnownFileType = text.xcconfig; name = "Pods-UFO_Game.debug.xcconfig"; path = "Target Support Files/Pods-UFO_Game/Pods-UFO_Game.debug.xcconfig"; sourceTree = "<group>"; };
/* End PBXFileReference section */

/* Begin PBXFrameworksBuildPhase section */
		5DBF9FD02AB710750095CA4A /* Frameworks */ = {
			isa = PBXFrameworksBuildPhase;
			buildActionMask = 2147483647;
			files = (
				6B1E950F8BCDF64686372748 /* Pods_UFO_Game.framework in Frameworks */,
			);
			runOnlyForDeploymentPostprocessing = 0;
		};
/* End PBXFrameworksBuildPhase section */

/* Begin PBXGroup section */
		375E514B92D60EBD7A728A2D /* Frameworks */ = {
			isa = PBXGroup;
			children = (
				2FC2E18EAC3F06FEF569C5E1 /* Pods_UFO_Game.framework */,
			);
			name = Frameworks;
			sourceTree = "<group>";
		};
		5D310FFA2ABB1930001CEA54 /* ViewControllers */ = {
			isa = PBXGroup;
			children = (
				5DBF9FDA2AB710750095CA4A /* GameViewController.swift */,
			);
			path = ViewControllers;
			sourceTree = "<group>";
		};
		5D310FFB2ABB1941001CEA54 /* Views */ = {
			isa = PBXGroup;
			children = (
				5DF33D272AB9B13400257A20 /* GameObject.swift */,
			);
			path = Views;
			sourceTree = "<group>";
		};
		5D310FFC2ABB197C001CEA54 /* Supporting Files */ = {
			isa = PBXGroup;
			children = (
				5DBF9FDF2AB710760095CA4A /* Assets.xcassets */,
				5DBF9FE12AB710760095CA4A /* LaunchScreen.storyboard */,
			);
			path = "Supporting Files";
			sourceTree = "<group>";
		};
		5D310FFD2ABB1995001CEA54 /* Application */ = {
			isa = PBXGroup;
			children = (
				5DBF9FD62AB710750095CA4A /* AppDelegate.swift */,
				5DBF9FD82AB710750095CA4A /* SceneDelegate.swift */,
			);
			path = Application;
			sourceTree = "<group>";
		};
		5D310FFE2ABB19BD001CEA54 /* Resources */ = {
			isa = PBXGroup;
			children = (
				5DF33D292AB9E03700257A20 /* Icons.swift */,
				5DF33D2B2AB9E20300257A20 /* Difficulty.swift */,
			);
			path = Resources;
			sourceTree = "<group>";
		};
		5DBF9FCA2AB710750095CA4A = {
			isa = PBXGroup;
			children = (
				5DBF9FD52AB710750095CA4A /* UFO_Game */,
				5DBF9FD42AB710750095CA4A /* Products */,
				DA184248946825396F132968 /* Pods */,
				375E514B92D60EBD7A728A2D /* Frameworks */,
			);
			sourceTree = "<group>";
		};
		5DBF9FD42AB710750095CA4A /* Products */ = {
			isa = PBXGroup;
			children = (
				5DBF9FD32AB710750095CA4A /* UFO_Game.app */,
			);
			name = Products;
			sourceTree = "<group>";
		};
		5DBF9FD52AB710750095CA4A /* UFO_Game */ = {
			isa = PBXGroup;
			children = (
				5D310FFD2ABB1995001CEA54 /* Application */,
				5D310FFA2ABB1930001CEA54 /* ViewControllers */,
				5D310FFB2ABB1941001CEA54 /* Views */,
				5D310FFE2ABB19BD001CEA54 /* Resources */,
				5D310FFC2ABB197C001CEA54 /* Supporting Files */,
				5DBF9FE42AB710760095CA4A /* Info.plist */,
			);
			path = UFO_Game;
			sourceTree = "<group>";
		};
		DA184248946825396F132968 /* Pods */ = {
			isa = PBXGroup;
			children = (
				DA35BBBAE6604D9C73E1CEFA /* Pods-UFO_Game.debug.xcconfig */,
				22302B9DBE55CC89996C3DC0 /* Pods-UFO_Game.release.xcconfig */,
			);
			path = Pods;
			sourceTree = "<group>";
		};
/* End PBXGroup section */

/* Begin PBXNativeTarget section */
		5DBF9FD22AB710750095CA4A /* UFO_Game */ = {
			isa = PBXNativeTarget;
			buildConfigurationList = 5DBF9FE72AB710760095CA4A /* Build configuration list for PBXNativeTarget "UFO_Game" */;
			buildPhases = (
				B5F94BE355EA4F00721F4E9C /* [CP] Check Pods Manifest.lock */,
				5DBF9FCF2AB710750095CA4A /* Sources */,
				5DBF9FD02AB710750095CA4A /* Frameworks */,
				5DBF9FD12AB710750095CA4A /* Resources */,
				440D166E19497A1BAD8ECFE5 /* [CP] Embed Pods Frameworks */,
			);
			buildRules = (
			);
			dependencies = (
			);
			name = UFO_Game;
			productName = UFO_Game;
			productReference = 5DBF9FD32AB710750095CA4A /* UFO_Game.app */;
			productType = "com.apple.product-type.application";
		};
/* End PBXNativeTarget section */

/* Begin PBXProject section */
		5DBF9FCB2AB710750095CA4A /* Project object */ = {
			isa = PBXProject;
			attributes = {
				BuildIndependentTargetsInParallel = 1;
				LastSwiftUpdateCheck = 1430;
				LastUpgradeCheck = 1430;
				TargetAttributes = {
					5DBF9FD22AB710750095CA4A = {
						CreatedOnToolsVersion = 14.3.1;
					};
				};
			};
			buildConfigurationList = 5DBF9FCE2AB710750095CA4A /* Build configuration list for PBXProject "UFO_Game" */;
			compatibilityVersion = "Xcode 14.0";
			developmentRegion = en;
			hasScannedForEncodings = 0;
			knownRegions = (
				en,
				Base,
			);
			mainGroup = 5DBF9FCA2AB710750095CA4A;
			productRefGroup = 5DBF9FD42AB710750095CA4A /* Products */;
			projectDirPath = "";
			projectRoot = "";
			targets = (
				5DBF9FD22AB710750095CA4A /* UFO_Game */,
			);
		};
/* End PBXProject section */

/* Begin PBXResourcesBuildPhase section */
		5DBF9FD12AB710750095CA4A /* Resources */ = {
			isa = PBXResourcesBuildPhase;
			buildActionMask = 2147483647;
			files = (
				5DBF9FE32AB710760095CA4A /* LaunchScreen.storyboard in Resources */,
				5DBF9FE02AB710760095CA4A /* Assets.xcassets in Resources */,
			);
			runOnlyForDeploymentPostprocessing = 0;
		};
/* End PBXResourcesBuildPhase section */

/* Begin PBXShellScriptBuildPhase section */
		440D166E19497A1BAD8ECFE5 /* [CP] Embed Pods Frameworks */ = {
			isa = PBXShellScriptBuildPhase;
			buildActionMask = 2147483647;
			files = (
			);
			inputFileListPaths = (
				"${PODS_ROOT}/Target Support Files/Pods-UFO_Game/Pods-UFO_Game-frameworks-${CONFIGURATION}-input-files.xcfilelist",
			);
			name = "[CP] Embed Pods Frameworks";
			outputFileListPaths = (
				"${PODS_ROOT}/Target Support Files/Pods-UFO_Game/Pods-UFO_Game-frameworks-${CONFIGURATION}-output-files.xcfilelist",
			);
			runOnlyForDeploymentPostprocessing = 0;
			shellPath = /bin/sh;
			shellScript = "\"${PODS_ROOT}/Target Support Files/Pods-UFO_Game/Pods-UFO_Game-frameworks.sh\"\n";
			showEnvVarsInLog = 0;
		};
		B5F94BE355EA4F00721F4E9C /* [CP] Check Pods Manifest.lock */ = {
			isa = PBXShellScriptBuildPhase;
			buildActionMask = 2147483647;
			files = (
			);
			inputFileListPaths = (
			);
			inputPaths = (
				"${PODS_PODFILE_DIR_PATH}/Podfile.lock",
				"${PODS_ROOT}/Manifest.lock",
			);
			name = "[CP] Check Pods Manifest.lock";
			outputFileListPaths = (
			);
			outputPaths = (
				"$(DERIVED_FILE_DIR)/Pods-UFO_Game-checkManifestLockResult.txt",
			);
			runOnlyForDeploymentPostprocessing = 0;
			shellPath = /bin/sh;
			shellScript = "diff \"${PODS_PODFILE_DIR_PATH}/Podfile.lock\" \"${PODS_ROOT}/Manifest.lock\" > /dev/null\nif [ $? != 0 ] ; then\n    # print error to STDERR\n    echo \"error: The sandbox is not in sync with the Podfile.lock. Run 'pod install' or update your CocoaPods installation.\" >&2\n    exit 1\nfi\n# This output is used by Xcode 'outputs' to avoid re-running this script phase.\necho \"SUCCESS\" > \"${SCRIPT_OUTPUT_FILE_0}\"\n";
			showEnvVarsInLog = 0;
		};
/* End PBXShellScriptBuildPhase section */

/* Begin PBXSourcesBuildPhase section */
		5DBF9FCF2AB710750095CA4A /* Sources */ = {
			isa = PBXSourcesBuildPhase;
			buildActionMask = 2147483647;
			files = (
				5DF33D282AB9B13400257A20 /* GameObject.swift in Sources */,
				5DBF9FDB2AB710750095CA4A /* GameViewController.swift in Sources */,
				5DF33D2C2AB9E20300257A20 /* Difficulty.swift in Sources */,
				5DBF9FD72AB710750095CA4A /* AppDelegate.swift in Sources */,
				5DF33D2A2AB9E03700257A20 /* Icons.swift in Sources */,
				5DBF9FD92AB710750095CA4A /* SceneDelegate.swift in Sources */,
			);
			runOnlyForDeploymentPostprocessing = 0;
		};
/* End PBXSourcesBuildPhase section */

/* Begin PBXVariantGroup section */
		5DBF9FE12AB710760095CA4A /* LaunchScreen.storyboard */ = {
			isa = PBXVariantGroup;
			children = (
				5DBF9FE22AB710760095CA4A /* Base */,
			);
			name = LaunchScreen.storyboard;
			sourceTree = "<group>";
		};
/* End PBXVariantGroup section */

/* Begin XCBuildConfiguration section */
		5DBF9FE52AB710760095CA4A /* Debug */ = {
			isa = XCBuildConfiguration;
			buildSettings = {
				ALWAYS_SEARCH_USER_PATHS = NO;
				CLANG_ANALYZER_NONNULL = YES;
				CLANG_ANALYZER_NUMBER_OBJECT_CONVERSION = YES_AGGRESSIVE;
				CLANG_CXX_LANGUAGE_STANDARD = "gnu++20";
				CLANG_ENABLE_MODULES = YES;
				CLANG_ENABLE_OBJC_ARC = YES;
				CLANG_ENABLE_OBJC_WEAK = YES;
				CLANG_WARN_BLOCK_CAPTURE_AUTORELEASING = YES;
				CLANG_WARN_BOOL_CONVERSION = YES;
				CLANG_WARN_COMMA = YES;
				CLANG_WARN_CONSTANT_CONVERSION = YES;
				CLANG_WARN_DEPRECATED_OBJC_IMPLEMENTATIONS = YES;
				CLANG_WARN_DIRECT_OBJC_ISA_USAGE = YES_ERROR;
				CLANG_WARN_DOCUMENTATION_COMMENTS = YES;
				CLANG_WARN_EMPTY_BODY = YES;
				CLANG_WARN_ENUM_CONVERSION = YES;
				CLANG_WARN_INFINITE_RECURSION = YES;
				CLANG_WARN_INT_CONVERSION = YES;
				CLANG_WARN_NON_LITERAL_NULL_CONVERSION = YES;
				CLANG_WARN_OBJC_IMPLICIT_RETAIN_SELF = YES;
				CLANG_WARN_OBJC_LITERAL_CONVERSION = YES;
				CLANG_WARN_OBJC_ROOT_CLASS = YES_ERROR;
				CLANG_WARN_QUOTED_INCLUDE_IN_FRAMEWORK_HEADER = YES;
				CLANG_WARN_RANGE_LOOP_ANALYSIS = YES;
				CLANG_WARN_STRICT_PROTOTYPES = YES;
				CLANG_WARN_SUSPICIOUS_MOVE = YES;
				CLANG_WARN_UNGUARDED_AVAILABILITY = YES_AGGRESSIVE;
				CLANG_WARN_UNREACHABLE_CODE = YES;
				CLANG_WARN__DUPLICATE_METHOD_MATCH = YES;
				COPY_PHASE_STRIP = NO;
				DEBUG_INFORMATION_FORMAT = dwarf;
				ENABLE_STRICT_OBJC_MSGSEND = YES;
				ENABLE_TESTABILITY = YES;
				GCC_C_LANGUAGE_STANDARD = gnu11;
				GCC_DYNAMIC_NO_PIC = NO;
				GCC_NO_COMMON_BLOCKS = YES;
				GCC_OPTIMIZATION_LEVEL = 0;
				GCC_PREPROCESSOR_DEFINITIONS = (
					"DEBUG=1",
					"$(inherited)",
				);
				GCC_WARN_64_TO_32_BIT_CONVERSION = YES;
				GCC_WARN_ABOUT_RETURN_TYPE = YES_ERROR;
				GCC_WARN_UNDECLARED_SELECTOR = YES;
				GCC_WARN_UNINITIALIZED_AUTOS = YES_AGGRESSIVE;
				GCC_WARN_UNUSED_FUNCTION = YES;
				GCC_WARN_UNUSED_VARIABLE = YES;
				IPHONEOS_DEPLOYMENT_TARGET = 16.4;
				MTL_ENABLE_DEBUG_INFO = INCLUDE_SOURCE;
				MTL_FAST_MATH = YES;
				ONLY_ACTIVE_ARCH = YES;
				SDKROOT = iphoneos;
				SWIFT_ACTIVE_COMPILATION_CONDITIONS = DEBUG;
				SWIFT_OPTIMIZATION_LEVEL = "-Onone";
			};
			name = Debug;
		};
		5DBF9FE62AB710760095CA4A /* Release */ = {
			isa = XCBuildConfiguration;
			buildSettings = {
				ALWAYS_SEARCH_USER_PATHS = NO;
				CLANG_ANALYZER_NONNULL = YES;
				CLANG_ANALYZER_NUMBER_OBJECT_CONVERSION = YES_AGGRESSIVE;
				CLANG_CXX_LANGUAGE_STANDARD = "gnu++20";
				CLANG_ENABLE_MODULES = YES;
				CLANG_ENABLE_OBJC_ARC = YES;
				CLANG_ENABLE_OBJC_WEAK = YES;
				CLANG_WARN_BLOCK_CAPTURE_AUTORELEASING = YES;
				CLANG_WARN_BOOL_CONVERSION = YES;
				CLANG_WARN_COMMA = YES;
				CLANG_WARN_CONSTANT_CONVERSION = YES;
				CLANG_WARN_DEPRECATED_OBJC_IMPLEMENTATIONS = YES;
				CLANG_WARN_DIRECT_OBJC_ISA_USAGE = YES_ERROR;
				CLANG_WARN_DOCUMENTATION_COMMENTS = YES;
				CLANG_WARN_EMPTY_BODY = YES;
				CLANG_WARN_ENUM_CONVERSION = YES;
				CLANG_WARN_INFINITE_RECURSION = YES;
				CLANG_WARN_INT_CONVERSION = YES;
				CLANG_WARN_NON_LITERAL_NULL_CONVERSION = YES;
				CLANG_WARN_OBJC_IMPLICIT_RETAIN_SELF = YES;
				CLANG_WARN_OBJC_LITERAL_CONVERSION = YES;
				CLANG_WARN_OBJC_ROOT_CLASS = YES_ERROR;
				CLANG_WARN_QUOTED_INCLUDE_IN_FRAMEWORK_HEADER = YES;
				CLANG_WARN_RANGE_LOOP_ANALYSIS = YES;
				CLANG_WARN_STRICT_PROTOTYPES = YES;
				CLANG_WARN_SUSPICIOUS_MOVE = YES;
				CLANG_WARN_UNGUARDED_AVAILABILITY = YES_AGGRESSIVE;
				CLANG_WARN_UNREACHABLE_CODE = YES;
				CLANG_WARN__DUPLICATE_METHOD_MATCH = YES;
				COPY_PHASE_STRIP = NO;
				DEBUG_INFORMATION_FORMAT = "dwarf-with-dsym";
				ENABLE_NS_ASSERTIONS = NO;
				ENABLE_STRICT_OBJC_MSGSEND = YES;
				GCC_C_LANGUAGE_STANDARD = gnu11;
				GCC_NO_COMMON_BLOCKS = YES;
				GCC_WARN_64_TO_32_BIT_CONVERSION = YES;
				GCC_WARN_ABOUT_RETURN_TYPE = YES_ERROR;
				GCC_WARN_UNDECLARED_SELECTOR = YES;
				GCC_WARN_UNINITIALIZED_AUTOS = YES_AGGRESSIVE;
				GCC_WARN_UNUSED_FUNCTION = YES;
				GCC_WARN_UNUSED_VARIABLE = YES;
				IPHONEOS_DEPLOYMENT_TARGET = 16.4;
				MTL_ENABLE_DEBUG_INFO = NO;
				MTL_FAST_MATH = YES;
				SDKROOT = iphoneos;
				SWIFT_COMPILATION_MODE = wholemodule;
				SWIFT_OPTIMIZATION_LEVEL = "-O";
				VALIDATE_PRODUCT = YES;
			};
			name = Release;
		};
		5DBF9FE82AB710760095CA4A /* Debug */ = {
			isa = XCBuildConfiguration;
			baseConfigurationReference = DA35BBBAE6604D9C73E1CEFA /* Pods-UFO_Game.debug.xcconfig */;
			buildSettings = {
				ASSETCATALOG_COMPILER_APPICON_NAME = AppIcon;
				ASSETCATALOG_COMPILER_GLOBAL_ACCENT_COLOR_NAME = AccentColor;
				CODE_SIGN_STYLE = Automatic;
				CURRENT_PROJECT_VERSION = 1;
				DEVELOPMENT_TEAM = U54N9MV9TR;
				GENERATE_INFOPLIST_FILE = YES;
				INFOPLIST_FILE = UFO_Game/Info.plist;
				INFOPLIST_KEY_UIApplicationSupportsIndirectInputEvents = YES;
				INFOPLIST_KEY_UILaunchStoryboardName = LaunchScreen;
				INFOPLIST_KEY_UISupportedInterfaceOrientations = UIInterfaceOrientationPortrait;
				INFOPLIST_KEY_UISupportedInterfaceOrientations_iPad = "UIInterfaceOrientationLandscapeLeft UIInterfaceOrientationLandscapeRight UIInterfaceOrientationPortrait UIInterfaceOrientationPortraitUpsideDown";
				IPHONEOS_DEPLOYMENT_TARGET = 14.0;
				LD_RUNPATH_SEARCH_PATHS = (
					"$(inherited)",
					"@executable_path/Frameworks",
				);
				MARKETING_VERSION = 1.0;
				PRODUCT_BUNDLE_IDENTIFIER = "Egor-Kruglov.UFO-Game";
				PRODUCT_NAME = "$(TARGET_NAME)";
				SUPPORTED_PLATFORMS = "iphoneos iphonesimulator";
				SUPPORTS_MACCATALYST = NO;
				SUPPORTS_MAC_DESIGNED_FOR_IPHONE_IPAD = NO;
				SWIFT_EMIT_LOC_STRINGS = YES;
				SWIFT_VERSION = 5.0;
				TARGETED_DEVICE_FAMILY = 1;
			};
			name = Debug;
		};
		5DBF9FE92AB710760095CA4A /* Release */ = {
			isa = XCBuildConfiguration;
			baseConfigurationReference = 22302B9DBE55CC89996C3DC0 /* Pods-UFO_Game.release.xcconfig */;
			buildSettings = {
				ASSETCATALOG_COMPILER_APPICON_NAME = AppIcon;
				ASSETCATALOG_COMPILER_GLOBAL_ACCENT_COLOR_NAME = AccentColor;
				CODE_SIGN_STYLE = Automatic;
				CURRENT_PROJECT_VERSION = 1;
				DEVELOPMENT_TEAM = U54N9MV9TR;
				GENERATE_INFOPLIST_FILE = YES;
				INFOPLIST_FILE = UFO_Game/Info.plist;
				INFOPLIST_KEY_UIApplicationSupportsIndirectInputEvents = YES;
				INFOPLIST_KEY_UILaunchStoryboardName = LaunchScreen;
				INFOPLIST_KEY_UISupportedInterfaceOrientations = UIInterfaceOrientationPortrait;
				INFOPLIST_KEY_UISupportedInterfaceOrientations_iPad = "UIInterfaceOrientationLandscapeLeft UIInterfaceOrientationLandscapeRight UIInterfaceOrientationPortrait UIInterfaceOrientationPortraitUpsideDown";
				IPHONEOS_DEPLOYMENT_TARGET = 14.0;
				LD_RUNPATH_SEARCH_PATHS = (
					"$(inherited)",
					"@executable_path/Frameworks",
				);
				MARKETING_VERSION = 1.0;
				PRODUCT_BUNDLE_IDENTIFIER = "Egor-Kruglov.UFO-Game";
				PRODUCT_NAME = "$(TARGET_NAME)";
				SUPPORTED_PLATFORMS = "iphoneos iphonesimulator";
				SUPPORTS_MACCATALYST = NO;
				SUPPORTS_MAC_DESIGNED_FOR_IPHONE_IPAD = NO;
				SWIFT_EMIT_LOC_STRINGS = YES;
				SWIFT_VERSION = 5.0;
				TARGETED_DEVICE_FAMILY = 1;
			};
			name = Release;
		};
/* End XCBuildConfiguration section */

/* Begin XCConfigurationList section */
		5DBF9FCE2AB710750095CA4A /* Build configuration list for PBXProject "UFO_Game" */ = {
			isa = XCConfigurationList;
			buildConfigurations = (
				5DBF9FE52AB710760095CA4A /* Debug */,
				5DBF9FE62AB710760095CA4A /* Release */,
			);
			defaultConfigurationIsVisible = 0;
			defaultConfigurationName = Release;
		};
		5DBF9FE72AB710760095CA4A /* Build configuration list for PBXNativeTarget "UFO_Game" */ = {
			isa = XCConfigurationList;
			buildConfigurations = (
				5DBF9FE82AB710760095CA4A /* Debug */,
				5DBF9FE92AB710760095CA4A /* Release */,
			);
			defaultConfigurationIsVisible = 0;
			defaultConfigurationName = Release;
		};
/* End XCConfigurationList section */
	};
	rootObject = 5DBF9FCB2AB710750095CA4A /* Project object */;
}
